{
  "name": "assets",
  "lockfileVersion": 3,
  "requires": true,
  "packages": {
    "": {
      "dependencies": {
        "@alpinejs/persist": "^3.10.5",
        "alpinejs": "^3.9.0",
        "flatpickr": "^4.6.13",
        "live_select": "file:../deps/live_select"
      }
    },
    "../deps/live_select": {
      "version": "1.5.4",
      "license": "Apache License 2.0"
    },
    "node_modules/@alpinejs/persist": {
      "version": "3.14.7",
      "resolved": "https://registry.npmjs.org/@alpinejs/persist/-/persist-3.14.7.tgz",
      "integrity": "sha512-MakPAI87flMcJro2LJEbq0wcpwgQMGxK9fx1hVaSC0jLinoUfKkoK4DzF6YJmqLVWKnca5ryO3Av1sWzPftQwQ==",
      "license": "MIT"
    },
    "node_modules/@vue/reactivity": {
      "version": "3.1.5",
      "resolved": "https://registry.npmjs.org/@vue/reactivity/-/reactivity-3.1.5.tgz",
      "integrity": "sha512-1tdfLmNjWG6t/CsPldh+foumYFo3cpyCHgBYQ34ylaMsJ+SNHQ1kApMIa8jN+i593zQuaw3AdWH0nJTARzCFhg==",
      "license": "MIT",
      "dependencies": {
        "@vue/shared": "3.1.5"
      }
    },
    "node_modules/@vue/shared": {
      "version": "3.1.5",
      "resolved": "https://registry.npmjs.org/@vue/shared/-/shared-3.1.5.tgz",
      "integrity": "sha512-oJ4F3TnvpXaQwZJNF3ZK+kLPHKarDmJjJ6jyzVNDKH9md1dptjC7lWR//jrGuLdek/U6iltWxqAnYOu8gCiOvA==",
      "license": "MIT"
    },
    "node_modules/alpinejs": {
      "version": "3.14.7",
      "resolved": "https://registry.npmjs.org/alpinejs/-/alpinejs-3.14.7.tgz",
      "integrity": "sha512-ScnbydNBcWVnCiVupD3wWUvoMPm8244xkvDNMxVCspgmap9m4QuJ7pjc+77UtByU+1+Ejg0wzYkP4mQaOMcvng==",
      "license": "MIT",
      "dependencies": {
        "@vue/reactivity": "~3.1.1"
      }
    },
    "node_modules/flatpickr": {
      "version": "4.6.13",
      "resolved": "https://registry.npmjs.org/flatpickr/-/flatpickr-4.6.13.tgz",
      "integrity": "sha512-97PMG/aywoYpB4IvbvUJi0RQi8vearvU0oov1WW3k0WZPBMrTQVqekSX5CjSG/M4Q3i6A/0FKXC7RyAoAUUSPw==",
      "license": "MIT"
    },
    "node_modules/live_select": {
      "resolved": "../deps/live_select",
      "link": true
    }
  }
}
