{
  "name": "assets",
  "lockfileVersion": 3,
  "requires": true,
  "packages": {
    "": {
      "dependencies": {
        "@alpinejs/collapse": "^3.14.9",
        "@alpinejs/persist": "^3.10.5",
        "@tiptap/core": "^3.2.0",
        "@tiptap/extension-link": "^3.14.0",
        "@tiptap/extension-task-item": "^3.14.0",
        "@tiptap/extension-task-list": "^3.14.0",
        "@tiptap/extension-underline": "^3.2.0",
        "@tiptap/extension-youtube": "^3.14.0",
        "@tiptap/markdown": "^3.14.0",
        "@tiptap/pm": "^3.2.0",
        "@tiptap/starter-kit": "^3.2.0",
        "alpinejs": "^3.9.0",
        "flatpickr": "^4.6.13",
        "live_select": "file:../deps/live_select",
        "sortablejs": "^1.15.6"
      }
    },
    "../deps/live_select": {
      "version": "1.7.0",
      "license": "Apache License 2.0"
    },
    "node_modules/@alpinejs/collapse": {
      "version": "3.14.9",
      "resolved": "https://registry.npmjs.org/@alpinejs/collapse/-/collapse-3.14.9.tgz",
      "integrity": "sha512-cUjbBVo4KR/CfFg0cLB+Q7a8SnjmD4MdxmtZvFjh25Dlf/ZWYPSPx/28b+aAykuX/SUoDPQRmdFiVVvq+iILHw==",
      "license": "MIT"
    },
    "node_modules/@alpinejs/persist": {
      "version": "3.14.7",
      "resolved": "https://registry.npmjs.org/@alpinejs/persist/-/persist-3.14.7.tgz",
      "integrity": "sha512-MakPAI87flMcJro2LJEbq0wcpwgQMGxK9fx1hVaSC0jLinoUfKkoK4DzF6YJmqLVWKnca5ryO3Av1sWzPftQwQ==",
      "license": "MIT"
    },
    "node_modules/@remirror/core-constants": {
      "version": "3.0.0",
      "resolved": "https://registry.npmjs.org/@remirror/core-constants/-/core-constants-3.0.0.tgz",
      "integrity": "sha512-42aWfPrimMfDKDi4YegyS7x+/0tlzaqwPQCULLanv3DMIlu96KTJR0fM5isWX2UViOqlGnX6YFgqWepcX+XMNg==",
      "license": "MIT"
    },
    "node_modules/@tiptap/core": {
      "version": "3.14.0",
      "resolved": "https://registry.npmjs.org/@tiptap/core/-/core-3.14.0.tgz",
      "integrity": "sha512-nm0VWVA1Vq/jaKY3wyRXViL/kf78yMdH7qETpv4qZXDQLU+pdWV3IGoRTQTKESc7d8L1wL/2uCeByLNUJfrSIw==",
      "license": "MIT",
      "funding": {
        "type": "github",
        "url": "https://github.com/sponsors/ueberdosis"
      },
      "peerDependencies": {
        "@tiptap/pm": "^3.14.0"
      }
    },
    "node_modules/@tiptap/extension-blockquote": {
      "version": "3.2.0",
      "resolved": "https://registry.npmjs.org/@tiptap/extension-blockquote/-/extension-blockquote-3.2.0.tgz",
      "integrity": "sha512-ivOvkzkpj/+1i6cZwUr1M+T/knci2XMl8NW/Q6g70Kx2TinEoFjOGnDi34j1mVznyzhxVlY9jm3Xvv4s2+Ni/w==",
      "license": "MIT",
      "funding": {
        "type": "github",
        "url": "https://github.com/sponsors/ueberdosis"
      },
      "peerDependencies": {
        "@tiptap/core": "^3.2.0"
      }
    },
    "node_modules/@tiptap/extension-bold": {
      "version": "3.2.0",
      "resolved": "https://registry.npmjs.org/@tiptap/extension-bold/-/extension-bold-3.2.0.tgz",
      "integrity": "sha512-YuwK/muBzc0r7VFV0CcnF5Otg90zfUW2D5x+KpSF0e9bUBltSvitHgRaKWFwbPAgXYwkh6+ftxEazbXeqyTv8Q==",
      "license": "MIT",
      "funding": {
        "type": "github",
        "url": "https://github.com/sponsors/ueberdosis"
      },
      "peerDependencies": {
        "@tiptap/core": "^3.2.0"
      }
    },
    "node_modules/@tiptap/extension-bullet-list": {
      "version": "3.2.0",
      "resolved": "https://registry.npmjs.org/@tiptap/extension-bullet-list/-/extension-bullet-list-3.2.0.tgz",
      "integrity": "sha512-xfQp2tpotSQ6pU627j20Bu+Ahgvjqe3uMVmczqjJ3V9Ze9xbiKFKJ2foC6mjQ1gfEGXkUE4AL5mVRBCWcfK8oQ==",
      "license": "MIT",
      "funding": {
        "type": "github",
        "url": "https://github.com/sponsors/ueberdosis"
      },
      "peerDependencies": {
        "@tiptap/extension-list": "^3.2.0"
      }
    },
    "node_modules/@tiptap/extension-code": {
      "version": "3.2.0",
      "resolved": "https://registry.npmjs.org/@tiptap/extension-code/-/extension-code-3.2.0.tgz",
      "integrity": "sha512-8eUeWzT0YNxvT9yh6p9mRziUmZjiRqHeQhHbcRYDM7gdFKb0mgsWPxiaonns0sdj7WW1vP6g0M80PC+HYCIO+g==",
      "license": "MIT",
      "funding": {
        "type": "github",
        "url": "https://github.com/sponsors/ueberdosis"
      },
      "peerDependencies": {
        "@tiptap/core": "^3.2.0"
      }
    },
    "node_modules/@tiptap/extension-code-block": {
      "version": "3.2.0",
      "resolved": "https://registry.npmjs.org/@tiptap/extension-code-block/-/extension-code-block-3.2.0.tgz",
      "integrity": "sha512-rGkwir451oAegeTMZw0h0JwfLfbexrgXDWw5eUpQ32/5M3n07HU2+EamTSKt7VW76AxdlehEfsd7yo+FkuVlWA==",
      "license": "MIT",
      "funding": {
        "type": "github",
        "url": "https://github.com/sponsors/ueberdosis"
      },
      "peerDependencies": {
        "@tiptap/core": "^3.2.0",
        "@tiptap/pm": "^3.2.0"
      }
    },
    "node_modules/@tiptap/extension-document": {
      "version": "3.2.0",
      "resolved": "https://registry.npmjs.org/@tiptap/extension-document/-/extension-document-3.2.0.tgz",
      "integrity": "sha512-2SQoew2HtOwuORpk8l7NjKDzsCBotMsij9vRSTp4nwoa4ZFGwmlVMsNIaKq/E/GuS7oiejmUUROsiD3w1stPKw==",
      "license": "MIT",
      "funding": {
        "type": "github",
        "url": "https://github.com/sponsors/ueberdosis"
      },
      "peerDependencies": {
        "@tiptap/core": "^3.2.0"
      }
    },
    "node_modules/@tiptap/extension-dropcursor": {
      "version": "3.2.0",
      "resolved": "https://registry.npmjs.org/@tiptap/extension-dropcursor/-/extension-dropcursor-3.2.0.tgz",
      "integrity": "sha512-fyTfePUfyfD/s+3BauAkhJh+3HvQ3hI/mblbNKHAi9u+QqlB+a0W04I027XWag8F76DTp2clGkZunlxHYHas4g==",
      "license": "MIT",
      "funding": {
        "type": "github",
        "url": "https://github.com/sponsors/ueberdosis"
      },
      "peerDependencies": {
        "@tiptap/extensions": "^3.2.0"
      }
    },
    "node_modules/@tiptap/extension-gapcursor": {
      "version": "3.2.0",
      "resolved": "https://registry.npmjs.org/@tiptap/extension-gapcursor/-/extension-gapcursor-3.2.0.tgz",
      "integrity": "sha512-LUElisCLru8kAOMtihJ6nRbJ+Fml2S8GOhiry3GBRRdMpGT+Hzy2pAd9TsuNsyIdqKH+yM1lLRyquW7maaNc5g==",
      "license": "MIT",
      "funding": {
        "type": "github",
        "url": "https://github.com/sponsors/ueberdosis"
      },
      "peerDependencies": {
        "@tiptap/extensions": "^3.2.0"
      }
    },
    "node_modules/@tiptap/extension-hard-break": {
      "version": "3.2.0",
      "resolved": "https://registry.npmjs.org/@tiptap/extension-hard-break/-/extension-hard-break-3.2.0.tgz",
      "integrity": "sha512-97CFsZK5vMHoWQzAP3thKD86dFDXqagXMs7vIKVK+SErwC3eR5KXmpvS5v5hi+iNs0I8+c+es6km+ZNMaUudKA==",
      "license": "MIT",
      "funding": {
        "type": "github",
        "url": "https://github.com/sponsors/ueberdosis"
      },
      "peerDependencies": {
        "@tiptap/core": "^3.2.0"
      }
    },
    "node_modules/@tiptap/extension-heading": {
      "version": "3.2.0",
      "resolved": "https://registry.npmjs.org/@tiptap/extension-heading/-/extension-heading-3.2.0.tgz",
      "integrity": "sha512-bgvRBeqrVZ9rnzOrlLVsr+2S6UR3m9SAPqkdPUr0eFeC2MnaK6FVapiOx1HoQRNyGY7Cw7QBZQVsWhYmEfJpbQ==",
      "license": "MIT",
      "funding": {
        "type": "github",
        "url": "https://github.com/sponsors/ueberdosis"
      },
      "peerDependencies": {
        "@tiptap/core": "^3.2.0"
      }
    },
    "node_modules/@tiptap/extension-horizontal-rule": {
      "version": "3.2.0",
      "resolved": "https://registry.npmjs.org/@tiptap/extension-horizontal-rule/-/extension-horizontal-rule-3.2.0.tgz",
      "integrity": "sha512-ttMzFO/WoRVpqfhDAZyIg1nBxgkDOXy1thE6xpfSQAEi0m7zbVEkp4OkATgt0meM69YNxJaEyzQjGztybMBgBw==",
      "license": "MIT",
      "funding": {
        "type": "github",
        "url": "https://github.com/sponsors/ueberdosis"
      },
      "peerDependencies": {
        "@tiptap/core": "^3.2.0",
        "@tiptap/pm": "^3.2.0"
      }
    },
    "node_modules/@tiptap/extension-italic": {
      "version": "3.2.0",
      "resolved": "https://registry.npmjs.org/@tiptap/extension-italic/-/extension-italic-3.2.0.tgz",
      "integrity": "sha512-5OTX5Z3h7zrKcjj0snE8y+2a8dZ5G6GdZKVI1tedeDBfyUFqMSkvTZ/ygYenJ/zRkMvC9gz337ZU872IWx+ung==",
      "license": "MIT",
      "funding": {
        "type": "github",
        "url": "https://github.com/sponsors/ueberdosis"
      },
      "peerDependencies": {
        "@tiptap/core": "^3.2.0"
      }
    },
    "node_modules/@tiptap/extension-link": {
      "version": "3.14.0",
      "resolved": "https://registry.npmjs.org/@tiptap/extension-link/-/extension-link-3.14.0.tgz",
      "integrity": "sha512-xaeJIktD42rJ4t9fbQpKe+yYNZ+YFIK96cp1Kdm0hZHv/8MPMNRiF85TRY+9U1aoyh5uRcspgCj7EKQb2Hs7qg==",
      "license": "MIT",
      "dependencies": {
        "linkifyjs": "^4.3.2"
      },
      "funding": {
        "type": "github",
        "url": "https://github.com/sponsors/ueberdosis"
      },
      "peerDependencies": {
        "@tiptap/core": "^3.14.0",
        "@tiptap/pm": "^3.14.0"
      }
    },
    "node_modules/@tiptap/extension-list": {
      "version": "3.14.0",
      "resolved": "https://registry.npmjs.org/@tiptap/extension-list/-/extension-list-3.14.0.tgz",
      "integrity": "sha512-rsjFH0Vd/4UbDsjwMLay7oz72VVu1r35t8ofAzy5587jn5JAjflaZs05XbRRMD2imUTK41dyajVSh8CqSnDEJw==",
      "license": "MIT",
      "funding": {
        "type": "github",
        "url": "https://github.com/sponsors/ueberdosis"
      },
      "peerDependencies": {
        "@tiptap/core": "^3.14.0",
        "@tiptap/pm": "^3.14.0"
      }
    },
    "node_modules/@tiptap/extension-list-item": {
      "version": "3.2.0",
      "resolved": "https://registry.npmjs.org/@tiptap/extension-list-item/-/extension-list-item-3.2.0.tgz",
      "integrity": "sha512-v4cvZEWO9jQGCYUCJughMOpu5c0+9mjieTemwdF+Dd2q16WLonFx7+4YJkymB38YDaUi6dO1HFRtMKuGQRxlsg==",
      "license": "MIT",
      "funding": {
        "type": "github",
        "url": "https://github.com/sponsors/ueberdosis"
      },
      "peerDependencies": {
        "@tiptap/extension-list": "^3.2.0"
      }
    },
    "node_modules/@tiptap/extension-list-keymap": {
      "version": "3.2.0",
      "resolved": "https://registry.npmjs.org/@tiptap/extension-list-keymap/-/extension-list-keymap-3.2.0.tgz",
      "integrity": "sha512-R9r6CJpuwCFrfRQ+mU+m9vyujMjnu6C10J+8engQyvVtkc4KrgnHcABoyCkDJcZe36KRgz7mL0T6wqCezPD9lQ==",
      "license": "MIT",
      "funding": {
        "type": "github",
        "url": "https://github.com/sponsors/ueberdosis"
      },
      "peerDependencies": {
        "@tiptap/extension-list": "^3.2.0"
      }
    },
    "node_modules/@tiptap/extension-ordered-list": {
      "version": "3.2.0",
      "resolved": "https://registry.npmjs.org/@tiptap/extension-ordered-list/-/extension-ordered-list-3.2.0.tgz",
      "integrity": "sha512-ditrS5HVX3ugx8R/4h2cHl8KOSnF1/T3caVvLpPccgbbTJNC8WldHJK/VvX/OusDO9DmbCMQiC8vIAagHMInhg==",
      "license": "MIT",
      "funding": {
        "type": "github",
        "url": "https://github.com/sponsors/ueberdosis"
      },
      "peerDependencies": {
        "@tiptap/extension-list": "^3.2.0"
      }
    },
    "node_modules/@tiptap/extension-paragraph": {
      "version": "3.2.0",
      "resolved": "https://registry.npmjs.org/@tiptap/extension-paragraph/-/extension-paragraph-3.2.0.tgz",
      "integrity": "sha512-RQ6mu06nVP9xEVULE64oWH9MT92mQhHVwJpnkYQuc7XEe3KgPYVbUmaLWMzJbjBOnAhTBC4k37Wwk0JKiTUBNQ==",
      "license": "MIT",
      "funding": {
        "type": "github",
        "url": "https://github.com/sponsors/ueberdosis"
      },
      "peerDependencies": {
        "@tiptap/core": "^3.2.0"
      }
    },
    "node_modules/@tiptap/extension-strike": {
      "version": "3.2.0",
      "resolved": "https://registry.npmjs.org/@tiptap/extension-strike/-/extension-strike-3.2.0.tgz",
      "integrity": "sha512-gIfaIJmvQNBxjvtJfNQ8LhvWuGEFVFDMJxLa80speY4ngsDYZ3K8Ea4+0FTctKJVIXEZ5cDoHZR96ELkQMPzWA==",
      "license": "MIT",
      "funding": {
        "type": "github",
        "url": "https://github.com/sponsors/ueberdosis"
      },
      "peerDependencies": {
        "@tiptap/core": "^3.2.0"
      }
    },
    "node_modules/@tiptap/extension-task-item": {
      "version": "3.14.0",
      "resolved": "https://registry.npmjs.org/@tiptap/extension-task-item/-/extension-task-item-3.14.0.tgz",
      "integrity": "sha512-hUUNrqqYffEJpPRRvPHidbvzAQgaHZ12c918MUqquWf/AfpmnTDYJplHpbh2gUbtg0nivNFgags7VJdnJeKlVQ==",
      "license": "MIT",
      "funding": {
        "type": "github",
        "url": "https://github.com/sponsors/ueberdosis"
      },
      "peerDependencies": {
        "@tiptap/extension-list": "^3.14.0"
      }
    },
    "node_modules/@tiptap/extension-task-list": {
      "version": "3.14.0",
      "resolved": "https://registry.npmjs.org/@tiptap/extension-task-list/-/extension-task-list-3.14.0.tgz",
      "integrity": "sha512-uFJkjxF8+yVewU/JR2PWgY2TGKqa0GntMPe/prozyIrKW6felcQ+Pypa6Mr3luk5e8C6GQB8Uh5+cVhLVTjZ/w==",
      "license": "MIT",
      "funding": {
        "type": "github",
        "url": "https://github.com/sponsors/ueberdosis"
      },
      "peerDependencies": {
        "@tiptap/extension-list": "^3.14.0"
      }
    },
    "node_modules/@tiptap/extension-text": {
      "version": "3.2.0",
      "resolved": "https://registry.npmjs.org/@tiptap/extension-text/-/extension-text-3.2.0.tgz",
      "integrity": "sha512-VDQPjVr6zd3MGh8+xPIIj+fuIhnws9tpAmP7jvBep+0tL7P2RYpN2NSj0zqeStHPcGfv9iMuXEuuMkEsi5gIZg==",
      "license": "MIT",
      "funding": {
        "type": "github",
        "url": "https://github.com/sponsors/ueberdosis"
      },
      "peerDependencies": {
        "@tiptap/core": "^3.2.0"
      }
    },
    "node_modules/@tiptap/extension-underline": {
      "version": "3.2.0",
      "resolved": "https://registry.npmjs.org/@tiptap/extension-underline/-/extension-underline-3.2.0.tgz",
      "integrity": "sha512-0ObBGqgeOAhQpNdNRJcu23GVQodtVp5dBYNC9vSW+mcJPRQy3Sc+kv59pqyrH0qV4SwtzzeKQSHuNaQpMPOU5A==",
      "license": "MIT",
      "funding": {
        "type": "github",
        "url": "https://github.com/sponsors/ueberdosis"
      },
      "peerDependencies": {
        "@tiptap/core": "^3.2.0"
      }
    },
    "node_modules/@tiptap/extension-youtube": {
      "version": "3.14.0",
      "resolved": "https://registry.npmjs.org/@tiptap/extension-youtube/-/extension-youtube-3.14.0.tgz",
      "integrity": "sha512-scXwDYrjivhNyPkGYPAmU4FGqXF+1QPJkJ6uoEgVGd9FYujQIYyjcLGjsgyYirIo/KLagk3gKeqT6oTTc3TH1w==",
      "license": "MIT",
      "funding": {
        "type": "github",
        "url": "https://github.com/sponsors/ueberdosis"
      },
      "peerDependencies": {
        "@tiptap/core": "^3.14.0"
      }
    },
    "node_modules/@tiptap/extensions": {
      "version": "3.2.0",
      "resolved": "https://registry.npmjs.org/@tiptap/extensions/-/extensions-3.2.0.tgz",
      "integrity": "sha512-voEvFhStH1fxw6PF5Hb7kj7PH+BMYM3d0S6d/V0bNdGB7mMsILruXkXIsxvP8Dkskv07Xmfs+iU6pdVy0hWD7Q==",
      "license": "MIT",
      "funding": {
        "type": "github",
        "url": "https://github.com/sponsors/ueberdosis"
      },
      "peerDependencies": {
        "@tiptap/core": "^3.2.0",
        "@tiptap/pm": "^3.2.0"
      }
    },
    "node_modules/@tiptap/markdown": {
      "version": "3.14.0",
      "resolved": "https://registry.npmjs.org/@tiptap/markdown/-/markdown-3.14.0.tgz",
      "integrity": "sha512-huZr0AWgLOVRSIFVVaNVmmZKKAZ0vmKtwMvmHTrQPG7OL/EnNPvYGkjeI3cSBabRqVo02WQEs5fTms32rdIwQg==",
      "license": "MIT",
      "dependencies": {
        "marked": "^15.0.12"
      },
      "funding": {
        "type": "github",
        "url": "https://github.com/sponsors/ueberdosis"
      },
      "peerDependencies": {
        "@tiptap/core": "^3.14.0",
        "@tiptap/pm": "^3.14.0"
      }
    },
    "node_modules/@tiptap/pm": {
      "version": "3.14.0",
      "resolved": "https://registry.npmjs.org/@tiptap/pm/-/pm-3.14.0.tgz",
      "integrity": "sha512-xrZmqI5jl4yMeAsu8p8gVP9S3An5h2MBi8BQHNnZmpyzkUrlpd40vlT6u13SWIqVi5ZWhBZ6U3rL7mkVLZuRKg==",
      "license": "MIT",
      "dependencies": {
        "prosemirror-changeset": "^2.3.0",
        "prosemirror-collab": "^1.3.1",
        "prosemirror-commands": "^1.6.2",
        "prosemirror-dropcursor": "^1.8.1",
        "prosemirror-gapcursor": "^1.3.2",
        "prosemirror-history": "^1.4.1",
        "prosemirror-inputrules": "^1.4.0",
        "prosemirror-keymap": "^1.2.2",
        "prosemirror-markdown": "^1.13.1",
        "prosemirror-menu": "^1.2.4",
        "prosemirror-model": "^1.24.1",
        "prosemirror-schema-basic": "^1.2.3",
        "prosemirror-schema-list": "^1.5.0",
        "prosemirror-state": "^1.4.3",
        "prosemirror-tables": "^1.6.4",
        "prosemirror-trailing-node": "^3.0.0",
        "prosemirror-transform": "^1.10.2",
        "prosemirror-view": "^1.38.1"
      },
      "funding": {
        "type": "github",
        "url": "https://github.com/sponsors/ueberdosis"
      }
    },
    "node_modules/@tiptap/starter-kit": {
      "version": "3.2.0",
      "resolved": "https://registry.npmjs.org/@tiptap/starter-kit/-/starter-kit-3.2.0.tgz",
      "integrity": "sha512-hcA12kqxVz1ypNqXhTUStQHWmDFmd2nm8NPmQmepK5T/T2FVXhVhhGSN8KsCR8sYFr3TwOk9utszxQLkT4AwOA==",
      "license": "MIT",
      "dependencies": {
        "@tiptap/core": "^3.2.0",
        "@tiptap/extension-blockquote": "^3.2.0",
        "@tiptap/extension-bold": "^3.2.0",
        "@tiptap/extension-bullet-list": "^3.2.0",
        "@tiptap/extension-code": "^3.2.0",
        "@tiptap/extension-code-block": "^3.2.0",
        "@tiptap/extension-document": "^3.2.0",
        "@tiptap/extension-dropcursor": "^3.2.0",
        "@tiptap/extension-gapcursor": "^3.2.0",
        "@tiptap/extension-hard-break": "^3.2.0",
        "@tiptap/extension-heading": "^3.2.0",
        "@tiptap/extension-horizontal-rule": "^3.2.0",
        "@tiptap/extension-italic": "^3.2.0",
        "@tiptap/extension-link": "^3.2.0",
        "@tiptap/extension-list": "^3.2.0",
        "@tiptap/extension-list-item": "^3.2.0",
        "@tiptap/extension-list-keymap": "^3.2.0",
        "@tiptap/extension-ordered-list": "^3.2.0",
        "@tiptap/extension-paragraph": "^3.2.0",
        "@tiptap/extension-strike": "^3.2.0",
        "@tiptap/extension-text": "^3.2.0",
        "@tiptap/extension-underline": "^3.2.0",
        "@tiptap/extensions": "^3.2.0",
        "@tiptap/pm": "^3.2.0"
      },
      "funding": {
        "type": "github",
        "url": "https://github.com/sponsors/ueberdosis"
      }
    },
    "node_modules/@types/linkify-it": {
      "version": "5.0.0",
      "resolved": "https://registry.npmjs.org/@types/linkify-it/-/linkify-it-5.0.0.tgz",
      "integrity": "sha512-sVDA58zAw4eWAffKOaQH5/5j3XeayukzDk+ewSsnv3p4yJEZHCCzMDiZM8e0OUrRvmpGZ85jf4yDHkHsgBNr9Q==",
      "license": "MIT"
    },
    "node_modules/@types/markdown-it": {
      "version": "14.1.2",
      "resolved": "https://registry.npmjs.org/@types/markdown-it/-/markdown-it-14.1.2.tgz",
      "integrity": "sha512-promo4eFwuiW+TfGxhi+0x3czqTYJkG8qB17ZUJiVF10Xm7NLVRSLUsfRTU/6h1e24VvRnXCx+hG7li58lkzog==",
      "license": "MIT",
      "dependencies": {
        "@types/linkify-it": "^5",
        "@types/mdurl": "^2"
      }
    },
    "node_modules/@types/mdurl": {
      "version": "2.0.0",
      "resolved": "https://registry.npmjs.org/@types/mdurl/-/mdurl-2.0.0.tgz",
      "integrity": "sha512-RGdgjQUZba5p6QEFAVx2OGb8rQDL/cPRG7GiedRzMcJ1tYnUANBncjbSB1NRGwbvjcPeikRABz2nshyPk1bhWg==",
      "license": "MIT"
    },
    "node_modules/@vue/reactivity": {
      "version": "3.1.5",
      "resolved": "https://registry.npmjs.org/@vue/reactivity/-/reactivity-3.1.5.tgz",
      "integrity": "sha512-1tdfLmNjWG6t/CsPldh+foumYFo3cpyCHgBYQ34ylaMsJ+SNHQ1kApMIa8jN+i593zQuaw3AdWH0nJTARzCFhg==",
      "license": "MIT",
      "dependencies": {
        "@vue/shared": "3.1.5"
      }
    },
    "node_modules/@vue/shared": {
      "version": "3.1.5",
      "resolved": "https://registry.npmjs.org/@vue/shared/-/shared-3.1.5.tgz",
      "integrity": "sha512-oJ4F3TnvpXaQwZJNF3ZK+kLPHKarDmJjJ6jyzVNDKH9md1dptjC7lWR//jrGuLdek/U6iltWxqAnYOu8gCiOvA==",
      "license": "MIT"
    },
    "node_modules/alpinejs": {
      "version": "3.14.7",
      "resolved": "https://registry.npmjs.org/alpinejs/-/alpinejs-3.14.7.tgz",
      "integrity": "sha512-ScnbydNBcWVnCiVupD3wWUvoMPm8244xkvDNMxVCspgmap9m4QuJ7pjc+77UtByU+1+Ejg0wzYkP4mQaOMcvng==",
      "license": "MIT",
      "dependencies": {
        "@vue/reactivity": "~3.1.1"
      }
    },
    "node_modules/argparse": {
      "version": "2.0.1",
      "resolved": "https://registry.npmjs.org/argparse/-/argparse-2.0.1.tgz",
      "integrity": "sha512-8+9WqebbFzpX9OR+Wa6O29asIogeRMzcGtAINdpMHHyAg10f05aSFVBbcEqGf/PXw1EjAZ+q2/bEBg3DvurK3Q==",
      "license": "Python-2.0"
    },
    "node_modules/crelt": {
      "version": "1.0.6",
      "resolved": "https://registry.npmjs.org/crelt/-/crelt-1.0.6.tgz",
      "integrity": "sha512-VQ2MBenTq1fWZUH9DJNGti7kKv6EeAuYr3cLwxUWhIu1baTaXh4Ib5W2CqHVqib4/MqbYGJqiL3Zb8GJZr3l4g==",
      "license": "MIT"
    },
    "node_modules/entities": {
      "version": "4.5.0",
      "resolved": "https://registry.npmjs.org/entities/-/entities-4.5.0.tgz",
      "integrity": "sha512-V0hjH4dGPh9Ao5p0MoRY6BVqtwCjhz6vI5LT8AJ55H+4g9/4vbHx1I54fS0XuclLhDHArPQCiMjDxjaL8fPxhw==",
      "license": "BSD-2-Clause",
      "engines": {
        "node": ">=0.12"
      },
      "funding": {
        "url": "https://github.com/fb55/entities?sponsor=1"
      }
    },
    "node_modules/escape-string-regexp": {
      "version": "4.0.0",
      "resolved": "https://registry.npmjs.org/escape-string-regexp/-/escape-string-regexp-4.0.0.tgz",
      "integrity": "sha512-TtpcNJ3XAzx3Gq8sWRzJaVajRs0uVxA2YAkdb1jm2YkPz4G6egUFAyA3n5vtEIZefPk5Wa4UXbKuS5fKkJWdgA==",
      "license": "MIT",
      "engines": {
        "node": ">=10"
      },
      "funding": {
        "url": "https://github.com/sponsors/sindresorhus"
      }
    },
    "node_modules/flatpickr": {
      "version": "4.6.13",
      "resolved": "https://registry.npmjs.org/flatpickr/-/flatpickr-4.6.13.tgz",
      "integrity": "sha512-97PMG/aywoYpB4IvbvUJi0RQi8vearvU0oov1WW3k0WZPBMrTQVqekSX5CjSG/M4Q3i6A/0FKXC7RyAoAUUSPw==",
      "license": "MIT"
    },
    "node_modules/linkify-it": {
      "version": "5.0.0",
      "resolved": "https://registry.npmjs.org/linkify-it/-/linkify-it-5.0.0.tgz",
      "integrity": "sha512-5aHCbzQRADcdP+ATqnDuhhJ/MRIqDkZX5pyjFHRRysS8vZ5AbqGEoFIb6pYHPZ+L/OC2Lc+xT8uHVVR5CAK/wQ==",
      "license": "MIT",
      "dependencies": {
        "uc.micro": "^2.0.0"
      }
    },
    "node_modules/linkifyjs": {
      "version": "4.3.2",
      "resolved": "https://registry.npmjs.org/linkifyjs/-/linkifyjs-4.3.2.tgz",
      "integrity": "sha512-NT1CJtq3hHIreOianA8aSXn6Cw0JzYOuDQbOrSPe7gqFnCpKP++MQe3ODgO3oh2GJFORkAAdqredOa60z63GbA==",
      "license": "MIT"
    },
    "node_modules/live_select": {
      "resolved": "../deps/live_select",
      "link": true
    },
    "node_modules/markdown-it": {
      "version": "14.1.0",
      "resolved": "https://registry.npmjs.org/markdown-it/-/markdown-it-14.1.0.tgz",
      "integrity": "sha512-a54IwgWPaeBCAAsv13YgmALOF1elABB08FxO9i+r4VFk5Vl4pKokRPeX8u5TCgSsPi6ec1otfLjdOpVcgbpshg==",
      "license": "MIT",
      "dependencies": {
        "argparse": "^2.0.1",
        "entities": "^4.4.0",
        "linkify-it": "^5.0.0",
        "mdurl": "^2.0.0",
        "punycode.js": "^2.3.1",
        "uc.micro": "^2.1.0"
      },
      "bin": {
        "markdown-it": "bin/markdown-it.mjs"
      }
    },
    "node_modules/marked": {
      "version": "15.0.12",
      "resolved": "https://registry.npmjs.org/marked/-/marked-15.0.12.tgz",
      "integrity": "sha512-8dD6FusOQSrpv9Z1rdNMdlSgQOIP880DHqnohobOmYLElGEqAL/JvxvuxZO16r4HtjTlfPRDC1hbvxC9dPN2nA==",
      "license": "MIT",
      "bin": {
        "marked": "bin/marked.js"
      },
      "engines": {
        "node": ">= 18"
      }
    },
    "node_modules/mdurl": {
      "version": "2.0.0",
      "resolved": "https://registry.npmjs.org/mdurl/-/mdurl-2.0.0.tgz",
      "integrity": "sha512-Lf+9+2r+Tdp5wXDXC4PcIBjTDtq4UKjCPMQhKIuzpJNW0b96kVqSwW0bT7FhRSfmAiFYgP+SCRvdrDozfh0U5w==",
      "license": "MIT"
    },
    "node_modules/orderedmap": {
      "version": "2.1.1",
      "resolved": "https://registry.npmjs.org/orderedmap/-/orderedmap-2.1.1.tgz",
      "integrity": "sha512-TvAWxi0nDe1j/rtMcWcIj94+Ffe6n7zhow33h40SKxmsmozs6dz/e+EajymfoFcHd7sxNn8yHM8839uixMOV6g==",
      "license": "MIT"
    },
    "node_modules/prosemirror-changeset": {
      "version": "2.3.1",
      "resolved": "https://registry.npmjs.org/prosemirror-changeset/-/prosemirror-changeset-2.3.1.tgz",
      "integrity": "sha512-j0kORIBm8ayJNl3zQvD1TTPHJX3g042et6y/KQhZhnPrruO8exkTgG8X+NRpj7kIyMMEx74Xb3DyMIBtO0IKkQ==",
      "license": "MIT",
      "dependencies": {
        "prosemirror-transform": "^1.0.0"
      }
    },
    "node_modules/prosemirror-collab": {
      "version": "1.3.1",
      "resolved": "https://registry.npmjs.org/prosemirror-collab/-/prosemirror-collab-1.3.1.tgz",
      "integrity": "sha512-4SnynYR9TTYaQVXd/ieUvsVV4PDMBzrq2xPUWutHivDuOshZXqQ5rGbZM84HEaXKbLdItse7weMGOUdDVcLKEQ==",
      "license": "MIT",
      "dependencies": {
        "prosemirror-state": "^1.0.0"
      }
    },
    "node_modules/prosemirror-commands": {
      "version": "1.7.1",
      "resolved": "https://registry.npmjs.org/prosemirror-commands/-/prosemirror-commands-1.7.1.tgz",
      "integrity": "sha512-rT7qZnQtx5c0/y/KlYaGvtG411S97UaL6gdp6RIZ23DLHanMYLyfGBV5DtSnZdthQql7W+lEVbpSfwtO8T+L2w==",
      "license": "MIT",
      "dependencies": {
        "prosemirror-model": "^1.0.0",
        "prosemirror-state": "^1.0.0",
        "prosemirror-transform": "^1.10.2"
      }
    },
    "node_modules/prosemirror-dropcursor": {
      "version": "1.8.2",
      "resolved": "https://registry.npmjs.org/prosemirror-dropcursor/-/prosemirror-dropcursor-1.8.2.tgz",
      "integrity": "sha512-CCk6Gyx9+Tt2sbYk5NK0nB1ukHi2ryaRgadV/LvyNuO3ena1payM2z6Cg0vO1ebK8cxbzo41ku2DE5Axj1Zuiw==",
      "license": "MIT",
      "dependencies": {
        "prosemirror-state": "^1.0.0",
        "prosemirror-transform": "^1.1.0",
        "prosemirror-view": "^1.1.0"
      }
    },
    "node_modules/prosemirror-gapcursor": {
      "version": "1.3.2",
      "resolved": "https://registry.npmjs.org/prosemirror-gapcursor/-/prosemirror-gapcursor-1.3.2.tgz",
      "integrity": "sha512-wtjswVBd2vaQRrnYZaBCbyDqr232Ed4p2QPtRIUK5FuqHYKGWkEwl08oQM4Tw7DOR0FsasARV5uJFvMZWxdNxQ==",
      "license": "MIT",
      "dependencies": {
        "prosemirror-keymap": "^1.0.0",
        "prosemirror-model": "^1.0.0",
        "prosemirror-state": "^1.0.0",
        "prosemirror-view": "^1.0.0"
      }
    },
    "node_modules/prosemirror-history": {
      "version": "1.4.1",
      "resolved": "https://registry.npmjs.org/prosemirror-history/-/prosemirror-history-1.4.1.tgz",
      "integrity": "sha512-2JZD8z2JviJrboD9cPuX/Sv/1ChFng+xh2tChQ2X4bB2HeK+rra/bmJ3xGntCcjhOqIzSDG6Id7e8RJ9QPXLEQ==",
      "license": "MIT",
      "dependencies": {
        "prosemirror-state": "^1.2.2",
        "prosemirror-transform": "^1.0.0",
        "prosemirror-view": "^1.31.0",
        "rope-sequence": "^1.3.0"
      }
    },
    "node_modules/prosemirror-inputrules": {
      "version": "1.5.0",
      "resolved": "https://registry.npmjs.org/prosemirror-inputrules/-/prosemirror-inputrules-1.5.0.tgz",
      "integrity": "sha512-K0xJRCmt+uSw7xesnHmcn72yBGTbY45vm8gXI4LZXbx2Z0jwh5aF9xrGQgrVPu0WbyFVFF3E/o9VhJYz6SQWnA==",
      "license": "MIT",
      "dependencies": {
        "prosemirror-state": "^1.0.0",
        "prosemirror-transform": "^1.0.0"
      }
    },
    "node_modules/prosemirror-keymap": {
      "version": "1.2.3",
      "resolved": "https://registry.npmjs.org/prosemirror-keymap/-/prosemirror-keymap-1.2.3.tgz",
      "integrity": "sha512-4HucRlpiLd1IPQQXNqeo81BGtkY8Ai5smHhKW9jjPKRc2wQIxksg7Hl1tTI2IfT2B/LgX6bfYvXxEpJl7aKYKw==",
      "license": "MIT",
      "dependencies": {
        "prosemirror-state": "^1.0.0",
        "w3c-keyname": "^2.2.0"
      }
    },
    "node_modules/prosemirror-markdown": {
      "version": "1.13.2",
      "resolved": "https://registry.npmjs.org/prosemirror-markdown/-/prosemirror-markdown-1.13.2.tgz",
      "integrity": "sha512-FPD9rHPdA9fqzNmIIDhhnYQ6WgNoSWX9StUZ8LEKapaXU9i6XgykaHKhp6XMyXlOWetmaFgGDS/nu/w9/vUc5g==",
      "license": "MIT",
      "dependencies": {
        "@types/markdown-it": "^14.0.0",
        "markdown-it": "^14.0.0",
        "prosemirror-model": "^1.25.0"
      }
    },
    "node_modules/prosemirror-menu": {
      "version": "1.2.5",
      "resolved": "https://registry.npmjs.org/prosemirror-menu/-/prosemirror-menu-1.2.5.tgz",
      "integrity": "sha512-qwXzynnpBIeg1D7BAtjOusR+81xCp53j7iWu/IargiRZqRjGIlQuu1f3jFi+ehrHhWMLoyOQTSRx/IWZJqOYtQ==",
      "license": "MIT",
      "dependencies": {
        "crelt": "^1.0.0",
        "prosemirror-commands": "^1.0.0",
        "prosemirror-history": "^1.0.0",
        "prosemirror-state": "^1.0.0"
      }
    },
    "node_modules/prosemirror-model": {
      "version": "1.25.3",
      "resolved": "https://registry.npmjs.org/prosemirror-model/-/prosemirror-model-1.25.3.tgz",
      "integrity": "sha512-dY2HdaNXlARknJbrManZ1WyUtos+AP97AmvqdOQtWtrrC5g4mohVX5DTi9rXNFSk09eczLq9GuNTtq3EfMeMGA==",
      "license": "MIT",
      "dependencies": {
        "orderedmap": "^2.0.0"
      }
    },
    "node_modules/prosemirror-schema-basic": {
      "version": "1.2.4",
      "resolved": "https://registry.npmjs.org/prosemirror-schema-basic/-/prosemirror-schema-basic-1.2.4.tgz",
      "integrity": "sha512-ELxP4TlX3yr2v5rM7Sb70SqStq5NvI15c0j9j/gjsrO5vaw+fnnpovCLEGIcpeGfifkuqJwl4fon6b+KdrODYQ==",
      "license": "MIT",
      "dependencies": {
        "prosemirror-model": "^1.25.0"
      }
    },
    "node_modules/prosemirror-schema-list": {
      "version": "1.5.1",
      "resolved": "https://registry.npmjs.org/prosemirror-schema-list/-/prosemirror-schema-list-1.5.1.tgz",
      "integrity": "sha512-927lFx/uwyQaGwJxLWCZRkjXG0p48KpMj6ueoYiu4JX05GGuGcgzAy62dfiV8eFZftgyBUvLx76RsMe20fJl+Q==",
      "license": "MIT",
      "dependencies": {
        "prosemirror-model": "^1.0.0",
        "prosemirror-state": "^1.0.0",
        "prosemirror-transform": "^1.7.3"
      }
    },
    "node_modules/prosemirror-state": {
      "version": "1.4.3",
      "resolved": "https://registry.npmjs.org/prosemirror-state/-/prosemirror-state-1.4.3.tgz",
      "integrity": "sha512-goFKORVbvPuAQaXhpbemJFRKJ2aixr+AZMGiquiqKxaucC6hlpHNZHWgz5R7dS4roHiwq9vDctE//CZ++o0W1Q==",
      "license": "MIT",
      "dependencies": {
        "prosemirror-model": "^1.0.0",
        "prosemirror-transform": "^1.0.0",
        "prosemirror-view": "^1.27.0"
      }
    },
    "node_modules/prosemirror-tables": {
      "version": "1.7.1",
      "resolved": "https://registry.npmjs.org/prosemirror-tables/-/prosemirror-tables-1.7.1.tgz",
      "integrity": "sha512-eRQ97Bf+i9Eby99QbyAiyov43iOKgWa7QCGly+lrDt7efZ1v8NWolhXiB43hSDGIXT1UXgbs4KJN3a06FGpr1Q==",
      "license": "MIT",
      "dependencies": {
        "prosemirror-keymap": "^1.2.2",
        "prosemirror-model": "^1.25.0",
        "prosemirror-state": "^1.4.3",
        "prosemirror-transform": "^1.10.3",
        "prosemirror-view": "^1.39.1"
      }
    },
    "node_modules/prosemirror-trailing-node": {
      "version": "3.0.0",
      "resolved": "https://registry.npmjs.org/prosemirror-trailing-node/-/prosemirror-trailing-node-3.0.0.tgz",
      "integrity": "sha512-xiun5/3q0w5eRnGYfNlW1uU9W6x5MoFKWwq/0TIRgt09lv7Hcser2QYV8t4muXbEr+Fwo0geYn79Xs4GKywrRQ==",
      "license": "MIT",
      "dependencies": {
        "@remirror/core-constants": "3.0.0",
        "escape-string-regexp": "^4.0.0"
      },
      "peerDependencies": {
        "prosemirror-model": "^1.22.1",
        "prosemirror-state": "^1.4.2",
        "prosemirror-view": "^1.33.8"
      }
    },
    "node_modules/prosemirror-transform": {
      "version": "1.10.4",
      "resolved": "https://registry.npmjs.org/prosemirror-transform/-/prosemirror-transform-1.10.4.tgz",
      "integrity": "sha512-pwDy22nAnGqNR1feOQKHxoFkkUtepoFAd3r2hbEDsnf4wp57kKA36hXsB3njA9FtONBEwSDnDeCiJe+ItD+ykw==",
      "license": "MIT",
      "dependencies": {
        "prosemirror-model": "^1.21.0"
      }
    },
    "node_modules/prosemirror-view": {
      "version": "1.40.1",
      "resolved": "https://registry.npmjs.org/prosemirror-view/-/prosemirror-view-1.40.1.tgz",
      "integrity": "sha512-pbwUjt3G7TlsQQHDiYSupWBhJswpLVB09xXm1YiJPdkjkh9Pe7Y51XdLh5VWIZmROLY8UpUpG03lkdhm9lzIBA==",
      "license": "MIT",
      "dependencies": {
        "prosemirror-model": "^1.20.0",
        "prosemirror-state": "^1.0.0",
        "prosemirror-transform": "^1.1.0"
      }
    },
    "node_modules/punycode.js": {
      "version": "2.3.1",
      "resolved": "https://registry.npmjs.org/punycode.js/-/punycode.js-2.3.1.tgz",
      "integrity": "sha512-uxFIHU0YlHYhDQtV4R9J6a52SLx28BCjT+4ieh7IGbgwVJWO+km431c4yRlREUAsAmt/uMjQUyQHNEPf0M39CA==",
      "license": "MIT",
      "engines": {
        "node": ">=6"
      }
    },
    "node_modules/rope-sequence": {
      "version": "1.3.4",
      "resolved": "https://registry.npmjs.org/rope-sequence/-/rope-sequence-1.3.4.tgz",
      "integrity": "sha512-UT5EDe2cu2E/6O4igUr5PSFs23nvvukicWHx6GnOPlHAiiYbzNuCRQCuiUdHJQcqKalLKlrYJnjY0ySGsXNQXQ==",
      "license": "MIT"
    },
    "node_modules/sortablejs": {
      "version": "1.15.6",
      "resolved": "https://registry.npmjs.org/sortablejs/-/sortablejs-1.15.6.tgz",
      "integrity": "sha512-aNfiuwMEpfBM/CN6LY0ibyhxPfPbyFeBTYJKCvzkJ2GkUpazIt3H+QIPAMHwqQ7tMKaHz1Qj+rJJCqljnf4p3A==",
      "license": "MIT"
    },
    "node_modules/uc.micro": {
      "version": "2.1.0",
      "resolved": "https://registry.npmjs.org/uc.micro/-/uc.micro-2.1.0.tgz",
      "integrity": "sha512-ARDJmphmdvUk6Glw7y9DQ2bFkKBHwQHLi2lsaH6PPmz/Ka9sFOBsBluozhDltWmnv9u/cF6Rt87znRTPV+yp/A==",
      "license": "MIT"
    },
    "node_modules/w3c-keyname": {
      "version": "2.2.8",
      "resolved": "https://registry.npmjs.org/w3c-keyname/-/w3c-keyname-2.2.8.tgz",
      "integrity": "sha512-dpojBhNsCNN7T82Tm7k26A6G9ML3NkhDsnw9n/eoxSRlVBB4CEtIQ/KTCLI2Fwf3ataSXRhYFkQi3SlnFwPvPQ==",
      "license": "MIT"
    }
  }
}
